
Microsoft Visual Studio Solution File, Format Version 12.00
# Visual Studio Version 16
VisualStudioVersion = 25.0.1700.7
MinimumVisualStudioVersion = 10.0.40219.1
Project("{FAE04EC0-301F-11D3-BF4B-00C04F79EFBC}") = "Calculator", "Calculator\Calculator.csproj", "{D5ECB9BF-FBEE-4CB0-8C6C-64C469144E06}"
EndProject
Global
	GlobalSection(SolutionConfigurationPlatforms) = preSolution
		Debug|Any CPU = Debug|Any CPU
		Release|Any CPU = Release|Any CPU
	EndGlobalSection
	GlobalSection(ProjectConfigurationPlatforms) = postSolution
		{D5ECB9BF-FBEE-4CB0-8C6C-64C469144E06}.Debug|Any CPU.ActiveCfg = Debug|Any CPU
		{D5ECB9BF-FBEE-4CB0-8C6C-64C469144E06}.Debug|Any CPU.Build.0 = Debug|Any CPU
		{D5ECB9BF-FBEE-4CB0-8C6C-64C469144E06}.Release|Any CPU.ActiveCfg = Release|Any CPU
		{D5ECB9BF-FBEE-4CB0-8C6C-64C469144E06}.Release|Any CPU.Build.0 = Release|Any CPU
	EndGlobalSection
	GlobalSection(SolutionProperties) = preSolution
		HideSolutionNode = FALSE
	EndGlobalSection
	GlobalSection(ExtensibilityGlobals) = postSolution
		SolutionGuid = {E3A63C75-7BEE-4A8B-9942-0A421FE287E5}
	EndGlobalSection
EndGlobal
